
Microsoft Visual Studio Solution File, Format Version 12.00
# Visual Studio Version 17
VisualStudioVersion = 17.11.35222.181
MinimumVisualStudioVersion = 10.0.40219.1
Project("{9A19103F-16F7-4668-BE54-9A1E7A4F7556}") = "Application", "Application\Application.csproj", "{A72482B6-3D5F-4283-A33C-E4970C706651}"
EndProject
Project("{9A19103F-16F7-4668-BE54-9A1E7A4F7556}") = "API", "API\API.csproj", "{239145D1-E2DE-4958-A97C-76738E2F2229}"
EndProject
Project("{9A19103F-16F7-4668-BE54-9A1E7A4F7556}") = "Core", "Core\Core.csproj", "{5AECF81F-E97D-459E-AB5E-EDA15AA359DB}"
EndProject
Project("{FAE04EC0-301F-11D3-BF4B-00C04F79EFBC}") = "Test", "CalculatePriceTest\Test.csproj", "{3E12648E-B803-4487-A73A-B0941BE300CC}"
EndProject
Global
	GlobalSection(SolutionConfigurationPlatforms) = preSolution
		Debug|Any CPU = Debug|Any CPU
		Release|Any CPU = Release|Any CPU
	EndGlobalSection
	GlobalSection(ProjectConfigurationPlatforms) = postSolution
		{A72482B6-3D5F-4283-A33C-E4970C706651}.Debug|Any CPU.ActiveCfg = Debug|Any CPU
		{A72482B6-3D5F-4283-A33C-E4970C706651}.Debug|Any CPU.Build.0 = Debug|Any CPU
		{A72482B6-3D5F-4283-A33C-E4970C706651}.Release|Any CPU.ActiveCfg = Release|Any CPU
		{A72482B6-3D5F-4283-A33C-E4970C706651}.Release|Any CPU.Build.0 = Release|Any CPU
		{239145D1-E2DE-4958-A97C-76738E2F2229}.Debug|Any CPU.ActiveCfg = Debug|Any CPU
		{239145D1-E2DE-4958-A97C-76738E2F2229}.Debug|Any CPU.Build.0 = Debug|Any CPU
		{239145D1-E2DE-4958-A97C-76738E2F2229}.Release|Any CPU.ActiveCfg = Release|Any CPU
		{239145D1-E2DE-4958-A97C-76738E2F2229}.Release|Any CPU.Build.0 = Release|Any CPU
		{5AECF81F-E97D-459E-AB5E-EDA15AA359DB}.Debug|Any CPU.ActiveCfg = Debug|Any CPU
		{5AECF81F-E97D-459E-AB5E-EDA15AA359DB}.Debug|Any CPU.Build.0 = Debug|Any CPU
		{5AECF81F-E97D-459E-AB5E-EDA15AA359DB}.Release|Any CPU.ActiveCfg = Release|Any CPU
		{5AECF81F-E97D-459E-AB5E-EDA15AA359DB}.Release|Any CPU.Build.0 = Release|Any CPU
		{3E12648E-B803-4487-A73A-B0941BE300CC}.Debug|Any CPU.ActiveCfg = Debug|Any CPU
		{3E12648E-B803-4487-A73A-B0941BE300CC}.Debug|Any CPU.Build.0 = Debug|Any CPU
		{3E12648E-B803-4487-A73A-B0941BE300CC}.Release|Any CPU.ActiveCfg = Release|Any CPU
		{3E12648E-B803-4487-A73A-B0941BE300CC}.Release|Any CPU.Build.0 = Release|Any CPU
	EndGlobalSection
	GlobalSection(SolutionProperties) = preSolution
		HideSolutionNode = FALSE
	EndGlobalSection
	GlobalSection(ExtensibilityGlobals) = postSolution
		SolutionGuid = {6C06F6BD-51BE-48F4-A7DA-9C2530ED17C5}
	EndGlobalSection
EndGlobal
